// !$*UTF8*$!
{
	archiveVersion = 1;
	classes = {
	};
	objectVersion = 48;
	objects = {

/* Begin PBXBuildFile section */
		A51D98EE22BBCF7D00124A40 /* Color.swift in Sources */ = {isa = PBXBuildFile; fileRef = A51D98ED22BBCF7D00124A40 /* Color.swift */; };
		A545F62922F7398300C62DF7 /* AddStingFooterView.xib in Resources */ = {isa = PBXBuildFile; fileRef = A545F62822F7398300C62DF7 /* AddStingFooterView.xib */; };
		A549825A1F7067EC00909196 /* FDAudioContext.swift in Sources */ = {isa = PBXBuildFile; fileRef = A54982581F7067EC00909196 /* FDAudioContext.swift */; };
		A549825B1F7067EC00909196 /* FDWaveformRenderOperation.swift in Sources */ = {isa = PBXBuildFile; fileRef = A54982591F7067EC00909196 /* FDWaveformRenderOperation.swift */; };
		A55C0E7222AA5498008DDB12 /* Show.swift in Sources */ = {isa = PBXBuildFile; fileRef = A55C0E7122AA5498008DDB12 /* Show.swift */; };
		A55C0E7622AA7202008DDB12 /* TransportView.xib in Resources */ = {isa = PBXBuildFile; fileRef = A55C0E7522AA7202008DDB12 /* TransportView.xib */; };
		A567FB7022F1F67A00B4DB70 /* ChannelPair.swift in Sources */ = {isa = PBXBuildFile; fileRef = A567FB6F22F1F67A00B4DB70 /* ChannelPair.swift */; };
		A56EB2C922F7538F00358A7C /* AddStingButton.swift in Sources */ = {isa = PBXBuildFile; fileRef = A56EB2C822F7538F00358A7C /* AddStingButton.swift */; };
		A5760DD325AF414600398860 /* FolderAccessView.swift in Sources */ = {isa = PBXBuildFile; fileRef = A5760DD225AF414600398860 /* FolderAccessView.swift */; };
		A581C38D1B946B7C006CE228 /* Engine.swift in Sources */ = {isa = PBXBuildFile; fileRef = A581C38C1B946B7C006CE228 /* Engine.swift */; };
		A581C3981B94769F006CE228 /* Main.storyboard in Resources */ = {isa = PBXBuildFile; fileRef = A581C3951B94769F006CE228 /* Main.storyboard */; };
		A581C39D1B949A06006CE228 /* EditViewController.swift in Sources */ = {isa = PBXBuildFile; fileRef = A581C39C1B949A06006CE228 /* EditViewController.swift */; };
		A581C39F1B949AD6006CE228 /* PlaybackViewController.swift in Sources */ = {isa = PBXBuildFile; fileRef = A581C39E1B949AD6006CE228 /* PlaybackViewController.swift */; };
		A581C3A21B94A041006CE228 /* StingCell.swift in Sources */ = {isa = PBXBuildFile; fileRef = A581C3A11B94A041006CE228 /* StingCell.swift */; };
		A58988FD23A6B97C00A85485 /* iPadLarge.png in Resources */ = {isa = PBXBuildFile; fileRef = A58988FC23A6B97C00A85485 /* iPadLarge.png */; };
		A58988FF23A6B98600A85485 /* iPadSmall.png in Resources */ = {isa = PBXBuildFile; fileRef = A58988FE23A6B98600A85485 /* iPadSmall.png */; };
		A592124425B6FA2300D864BD /* FolderBookmarks.swift in Sources */ = {isa = PBXBuildFile; fileRef = A592124325B6FA2300D864BD /* FolderBookmarks.swift */; };
		A595169A22F99A21001E820A /* AddStingFooterView.swift in Sources */ = {isa = PBXBuildFile; fileRef = A595169922F99A21001E820A /* AddStingFooterView.swift */; };
		A59EC6EA22EB5696009A7ED1 /* TransportView.swift in Sources */ = {isa = PBXBuildFile; fileRef = A59EC6E922EB5696009A7ED1 /* TransportView.swift */; };
		A5A49C8F1B5BF1C2004B80CE /* AppDelegate.swift in Sources */ = {isa = PBXBuildFile; fileRef = A5A49C8E1B5BF1C2004B80CE /* AppDelegate.swift */; };
		A5A49C961B5BF1C2004B80CE /* Assets.xcassets in Resources */ = {isa = PBXBuildFile; fileRef = A5A49C951B5BF1C2004B80CE /* Assets.xcassets */; };
		A5A49CB11B5BF216004B80CE /* Sting.swift in Sources */ = {isa = PBXBuildFile; fileRef = A5A49CB01B5BF216004B80CE /* Sting.swift */; };
		A5B39BDE1DAA843A00AA22EF /* FDWaveformView.swift in Sources */ = {isa = PBXBuildFile; fileRef = A5B39BDD1DAA843A00AA22EF /* FDWaveformView.swift */; };
		A5BD01E0218F2AEB0010FE10 /* Launch Screen.storyboard in Resources */ = {isa = PBXBuildFile; fileRef = A5BD01DF218F2AEB0010FE10 /* Launch Screen.storyboard */; };
		A5BD85E923AA531B00846F27 /* Launch Screen.xcassets in Resources */ = {isa = PBXBuildFile; fileRef = A5BD85E823AA531B00846F27 /* Launch Screen.xcassets */; };
		A5BF2D1E24B0F0B600AA69F4 /* ChannelSelectionView.swift in Sources */ = {isa = PBXBuildFile; fileRef = A5BF2D1D24B0F0B600AA69F4 /* ChannelSelectionView.swift */; };
		A5C32F4E228B64FE00E4B4EB /* Extends.swift in Sources */ = {isa = PBXBuildFile; fileRef = A5C32F4D228B64FE00E4B4EB /* Extends.swift */; };
		A5C4FA5324B0DF9200C44365 /* SettingsView.swift in Sources */ = {isa = PBXBuildFile; fileRef = A5C4FA5224B0DF9200C44365 /* SettingsView.swift */; };
		A5C5866E25ADBFE00050DC5C /* ManageStingsView.swift in Sources */ = {isa = PBXBuildFile; fileRef = A5C5866D25ADBFE00050DC5C /* ManageStingsView.swift */; };
		A5CEE51323215B1800BB7CD1 /* WaveformView.swift in Sources */ = {isa = PBXBuildFile; fileRef = A5CEE51223215B1800BB7CD1 /* WaveformView.swift */; };
		A5CEE5152321695100BB7CD1 /* WaveformMarkerView.swift in Sources */ = {isa = PBXBuildFile; fileRef = A5CEE5142321695100BB7CD1 /* WaveformMarkerView.swift */; };
		A5E65EB4231AE0BA0058BBEE /* Metadata.swift in Sources */ = {isa = PBXBuildFile; fileRef = A5E65EB3231AE0BA0058BBEE /* Metadata.swift */; };
		A5F62D5022E0F56A00D57126 /* ShowBrowserViewController.swift in Sources */ = {isa = PBXBuildFile; fileRef = A5F62D4F22E0F56A00D57126 /* ShowBrowserViewController.swift */; };
		A5FF542824C49C5B00BE7928 /* WelcomeView.swift in Sources */ = {isa = PBXBuildFile; fileRef = A5FF542724C49C5B00BE7928 /* WelcomeView.swift */; };
/* End PBXBuildFile section */

/* Begin PBXFileReference section */
		A51D98ED22BBCF7D00124A40 /* Color.swift */ = {isa = PBXFileReference; lastKnownFileType = sourcecode.swift; path = Color.swift; sourceTree = "<group>"; };
		A545F62822F7398300C62DF7 /* AddStingFooterView.xib */ = {isa = PBXFileReference; lastKnownFileType = file.xib; path = AddStingFooterView.xib; sourceTree = "<group>"; };
		A54982581F7067EC00909196 /* FDAudioContext.swift */ = {isa = PBXFileReference; lastKnownFileType = sourcecode.swift; path = FDAudioContext.swift; sourceTree = "<group>"; };
		A54982591F7067EC00909196 /* FDWaveformRenderOperation.swift */ = {isa = PBXFileReference; lastKnownFileType = sourcecode.swift; path = FDWaveformRenderOperation.swift; sourceTree = "<group>"; };
		A55C0E7122AA5498008DDB12 /* Show.swift */ = {isa = PBXFileReference; lastKnownFileType = sourcecode.swift; path = Show.swift; sourceTree = "<group>"; };
		A55C0E7522AA7202008DDB12 /* TransportView.xib */ = {isa = PBXFileReference; fileEncoding = 4; lastKnownFileType = file.xib; path = TransportView.xib; sourceTree = "<group>"; };
		A567FB6F22F1F67A00B4DB70 /* ChannelPair.swift */ = {isa = PBXFileReference; lastKnownFileType = sourcecode.swift; path = ChannelPair.swift; sourceTree = "<group>"; };
		A56EB2C822F7538F00358A7C /* AddStingButton.swift */ = {isa = PBXFileReference; lastKnownFileType = sourcecode.swift; path = AddStingButton.swift; sourceTree = "<group>"; };
		A570012F25B464C400CEC8BD /* Sting Pad.entitlements */ = {isa = PBXFileReference; lastKnownFileType = text.plist.entitlements; path = "Sting Pad.entitlements"; sourceTree = "<group>"; };
		A5760DD225AF414600398860 /* FolderAccessView.swift */ = {isa = PBXFileReference; lastKnownFileType = sourcecode.swift; path = FolderAccessView.swift; sourceTree = "<group>"; };
		A581C38C1B946B7C006CE228 /* Engine.swift */ = {isa = PBXFileReference; fileEncoding = 4; lastKnownFileType = sourcecode.swift; path = Engine.swift; sourceTree = "<group>"; };
		A581C3951B94769F006CE228 /* Main.storyboard */ = {isa = PBXFileReference; fileEncoding = 4; lastKnownFileType = file.storyboard; path = Main.storyboard; sourceTree = "<group>"; };
		A581C39C1B949A06006CE228 /* EditViewController.swift */ = {isa = PBXFileReference; fileEncoding = 4; lastKnownFileType = sourcecode.swift; path = EditViewController.swift; sourceTree = "<group>"; };
		A581C39E1B949AD6006CE228 /* PlaybackViewController.swift */ = {isa = PBXFileReference; fileEncoding = 4; lastKnownFileType = sourcecode.swift; path = PlaybackViewController.swift; sourceTree = "<group>"; };
		A581C3A11B94A041006CE228 /* StingCell.swift */ = {isa = PBXFileReference; fileEncoding = 4; lastKnownFileType = sourcecode.swift; path = StingCell.swift; sourceTree = "<group>"; };
		A58988FC23A6B97C00A85485 /* iPadLarge.png */ = {isa = PBXFileReference; lastKnownFileType = image.png; path = iPadLarge.png; sourceTree = "<group>"; };
		A58988FE23A6B98600A85485 /* iPadSmall.png */ = {isa = PBXFileReference; lastKnownFileType = image.png; path = iPadSmall.png; sourceTree = "<group>"; };
		A592124325B6FA2300D864BD /* FolderBookmarks.swift */ = {isa = PBXFileReference; lastKnownFileType = sourcecode.swift; path = FolderBookmarks.swift; sourceTree = "<group>"; };
		A595169922F99A21001E820A /* AddStingFooterView.swift */ = {isa = PBXFileReference; lastKnownFileType = sourcecode.swift; path = AddStingFooterView.swift; sourceTree = "<group>"; };
		A59EC6E922EB5696009A7ED1 /* TransportView.swift */ = {isa = PBXFileReference; lastKnownFileType = sourcecode.swift; path = TransportView.swift; sourceTree = "<group>"; };
		A5A49C891B5BF1C2004B80CE /* Sting Pad.app */ = {isa = PBXFileReference; explicitFileType = wrapper.application; includeInIndex = 0; path = "Sting Pad.app"; sourceTree = BUILT_PRODUCTS_DIR; };
		A5A49C8D1B5BF1C2004B80CE /* Info.plist */ = {isa = PBXFileReference; lastKnownFileType = text.plist.xml; path = Info.plist; sourceTree = "<group>"; };
		A5A49C8E1B5BF1C2004B80CE /* AppDelegate.swift */ = {isa = PBXFileReference; lastKnownFileType = sourcecode.swift; path = AppDelegate.swift; sourceTree = "<group>"; };
		A5A49C951B5BF1C2004B80CE /* Assets.xcassets */ = {isa = PBXFileReference; lastKnownFileType = folder.assetcatalog; path = Assets.xcassets; sourceTree = "<group>"; };
		A5A49CB01B5BF216004B80CE /* Sting.swift */ = {isa = PBXFileReference; fileEncoding = 4; lastKnownFileType = sourcecode.swift; path = Sting.swift; sourceTree = "<group>"; };
		A5B39BDD1DAA843A00AA22EF /* FDWaveformView.swift */ = {isa = PBXFileReference; fileEncoding = 4; lastKnownFileType = sourcecode.swift; path = FDWaveformView.swift; sourceTree = "<group>"; };
		A5BD01DF218F2AEB0010FE10 /* Launch Screen.storyboard */ = {isa = PBXFileReference; lastKnownFileType = file.storyboard; path = "Launch Screen.storyboard"; sourceTree = "<group>"; };
		A5BD85E823AA531B00846F27 /* Launch Screen.xcassets */ = {isa = PBXFileReference; lastKnownFileType = folder.assetcatalog; path = "Launch Screen.xcassets"; sourceTree = "<group>"; };
		A5BF2D1D24B0F0B600AA69F4 /* ChannelSelectionView.swift */ = {isa = PBXFileReference; lastKnownFileType = sourcecode.swift; path = ChannelSelectionView.swift; sourceTree = "<group>"; };
		A5C32F4D228B64FE00E4B4EB /* Extends.swift */ = {isa = PBXFileReference; lastKnownFileType = sourcecode.swift; path = Extends.swift; sourceTree = "<group>"; };
		A5C4FA5224B0DF9200C44365 /* SettingsView.swift */ = {isa = PBXFileReference; lastKnownFileType = sourcecode.swift; path = SettingsView.swift; sourceTree = "<group>"; };
		A5C5866D25ADBFE00050DC5C /* ManageStingsView.swift */ = {isa = PBXFileReference; lastKnownFileType = sourcecode.swift; path = ManageStingsView.swift; sourceTree = "<group>"; };
		A5CEE51223215B1800BB7CD1 /* WaveformView.swift */ = {isa = PBXFileReference; lastKnownFileType = sourcecode.swift; path = WaveformView.swift; sourceTree = "<group>"; };
		A5CEE5142321695100BB7CD1 /* WaveformMarkerView.swift */ = {isa = PBXFileReference; lastKnownFileType = sourcecode.swift; path = WaveformMarkerView.swift; sourceTree = "<group>"; };
		A5E65EB3231AE0BA0058BBEE /* Metadata.swift */ = {isa = PBXFileReference; lastKnownFileType = sourcecode.swift; path = Metadata.swift; sourceTree = "<group>"; };
		A5F62D4F22E0F56A00D57126 /* ShowBrowserViewController.swift */ = {isa = PBXFileReference; lastKnownFileType = sourcecode.swift; path = ShowBrowserViewController.swift; sourceTree = "<group>"; };
		A5FF542724C49C5B00BE7928 /* WelcomeView.swift */ = {isa = PBXFileReference; lastKnownFileType = sourcecode.swift; path = WelcomeView.swift; sourceTree = "<group>"; };
/* End PBXFileReference section */

/* Begin PBXFrameworksBuildPhase section */
		A5A49C861B5BF1C2004B80CE /* Frameworks */ = {
			isa = PBXFrameworksBuildPhase;
			buildActionMask = 2147483647;
			files = (
			);
			runOnlyForDeploymentPostprocessing = 0;
		};
/* End PBXFrameworksBuildPhase section */

/* Begin PBXGroup section */
		A54FCB521B9E341300A85009 /* FDWaveformView */ = {
			isa = PBXGroup;
			children = (
				A5B39BDD1DAA843A00AA22EF /* FDWaveformView.swift */,
				A54982581F7067EC00909196 /* FDAudioContext.swift */,
				A54982591F7067EC00909196 /* FDWaveformRenderOperation.swift */,
			);
			path = FDWaveformView;
			sourceTree = "<group>";
		};
		A589890023A6B99C00A85485 /* Document Icons */ = {
			isa = PBXGroup;
			children = (
				A58988FE23A6B98600A85485 /* iPadSmall.png */,
				A58988FC23A6B97C00A85485 /* iPadLarge.png */,
			);
			path = "Document Icons";
			sourceTree = "<group>";
		};
		A5A49C801B5BF1C2004B80CE = {
			isa = PBXGroup;
			children = (
				A5FBD7D11F7C445A00B5799C /* Source */,
				A5A49CB31B5BF797004B80CE /* Resources */,
				A54FCB521B9E341300A85009 /* FDWaveformView */,
				A5A49C8A1B5BF1C2004B80CE /* Products */,
			);
			sourceTree = "<group>";
		};
		A5A49C8A1B5BF1C2004B80CE /* Products */ = {
			isa = PBXGroup;
			children = (
				A5A49C891B5BF1C2004B80CE /* Sting Pad.app */,
			);
			name = Products;
			sourceTree = "<group>";
		};
		A5A49CB31B5BF797004B80CE /* Resources */ = {
			isa = PBXGroup;
			children = (
				A589890023A6B99C00A85485 /* Document Icons */,
				A581C3951B94769F006CE228 /* Main.storyboard */,
				A55C0E7522AA7202008DDB12 /* TransportView.xib */,
				A545F62822F7398300C62DF7 /* AddStingFooterView.xib */,
				A5BD01DF218F2AEB0010FE10 /* Launch Screen.storyboard */,
				A5A49C951B5BF1C2004B80CE /* Assets.xcassets */,
				A5BD85E823AA531B00846F27 /* Launch Screen.xcassets */,
				A5A49C8D1B5BF1C2004B80CE /* Info.plist */,
				A570012F25B464C400CEC8BD /* Sting Pad.entitlements */,
			);
			path = Resources;
			sourceTree = "<group>";
		};
		A5FBD7D11F7C445A00B5799C /* Source */ = {
			isa = PBXGroup;
			children = (
				A5A49C8E1B5BF1C2004B80CE /* AppDelegate.swift */,
				A5C32F4D228B64FE00E4B4EB /* Extends.swift */,
				A5FBD7D21F7C447000B5799C /* Controllers */,
				A5FBD7D31F7C447800B5799C /* Models */,
				A5FBD7D41F7C447D00B5799C /* Views */,
			);
			path = Source;
			sourceTree = "<group>";
		};
		A5FBD7D21F7C447000B5799C /* Controllers */ = {
			isa = PBXGroup;
			children = (
				A5F62D4F22E0F56A00D57126 /* ShowBrowserViewController.swift */,
				A581C39E1B949AD6006CE228 /* PlaybackViewController.swift */,
				A581C39C1B949A06006CE228 /* EditViewController.swift */,
				A5FF542724C49C5B00BE7928 /* WelcomeView.swift */,
				A5C4FA5224B0DF9200C44365 /* SettingsView.swift */,
				A5BF2D1D24B0F0B600AA69F4 /* ChannelSelectionView.swift */,
				A5C5866D25ADBFE00050DC5C /* ManageStingsView.swift */,
				A5760DD225AF414600398860 /* FolderAccessView.swift */,
			);
			path = Controllers;
			sourceTree = "<group>";
		};
		A5FBD7D31F7C447800B5799C /* Models */ = {
			isa = PBXGroup;
			children = (
				A581C38C1B946B7C006CE228 /* Engine.swift */,
				A55C0E7122AA5498008DDB12 /* Show.swift */,
				A5A49CB01B5BF216004B80CE /* Sting.swift */,
				A51D98ED22BBCF7D00124A40 /* Color.swift */,
				A5E65EB3231AE0BA0058BBEE /* Metadata.swift */,
				A567FB6F22F1F67A00B4DB70 /* ChannelPair.swift */,
				A592124325B6FA2300D864BD /* FolderBookmarks.swift */,
			);
			path = Models;
			sourceTree = "<group>";
		};
		A5FBD7D41F7C447D00B5799C /* Views */ = {
			isa = PBXGroup;
			children = (
				A581C3A11B94A041006CE228 /* StingCell.swift */,
				A59EC6E922EB5696009A7ED1 /* TransportView.swift */,
				A595169922F99A21001E820A /* AddStingFooterView.swift */,
				A56EB2C822F7538F00358A7C /* AddStingButton.swift */,
				A5CEE51223215B1800BB7CD1 /* WaveformView.swift */,
				A5CEE5142321695100BB7CD1 /* WaveformMarkerView.swift */,
			);
			path = Views;
			sourceTree = "<group>";
		};
/* End PBXGroup section */

/* Begin PBXNativeTarget section */
		A5A49C881B5BF1C2004B80CE /* Sting Pad */ = {
			isa = PBXNativeTarget;
			buildConfigurationList = A5A49CA81B5BF1C2004B80CE /* Build configuration list for PBXNativeTarget "Sting Pad" */;
			buildPhases = (
				A5A49C851B5BF1C2004B80CE /* Sources */,
				A5A49C861B5BF1C2004B80CE /* Frameworks */,
				A5A49C871B5BF1C2004B80CE /* Resources */,
			);
			buildRules = (
			);
			dependencies = (
			);
			name = "Sting Pad";
			productName = Stingtk;
			productReference = A5A49C891B5BF1C2004B80CE /* Sting Pad.app */;
			productType = "com.apple.product-type.application";
		};
/* End PBXNativeTarget section */

/* Begin PBXProject section */
		A5A49C811B5BF1C2004B80CE /* Project object */ = {
			isa = PBXProject;
			attributes = {
				LastSwiftMigration = 0700;
				LastSwiftUpdateCheck = 0700;
				LastUpgradeCheck = 1200;
				ORGANIZATIONNAME = pixlwave;
				TargetAttributes = {
					A5A49C881B5BF1C2004B80CE = {
						CreatedOnToolsVersion = 6.4;
						DevelopmentTeam = NU8A5Y875P;
						LastSwiftMigration = 1020;
						SystemCapabilities = {
							com.apple.BackgroundModes = {
								enabled = 1;
							};
						};
					};
				};
			};
			buildConfigurationList = A5A49C841B5BF1C2004B80CE /* Build configuration list for PBXProject "Sting Pad" */;
			compatibilityVersion = "Xcode 8.0";
			developmentRegion = en;
			hasScannedForEncodings = 0;
			knownRegions = (
				en,
				Base,
			);
			mainGroup = A5A49C801B5BF1C2004B80CE;
			productRefGroup = A5A49C8A1B5BF1C2004B80CE /* Products */;
			projectDirPath = "";
			projectRoot = "";
			targets = (
				A5A49C881B5BF1C2004B80CE /* Sting Pad */,
			);
		};
/* End PBXProject section */

/* Begin PBXResourcesBuildPhase section */
		A5A49C871B5BF1C2004B80CE /* Resources */ = {
			isa = PBXResourcesBuildPhase;
			buildActionMask = 2147483647;
			files = (
				A5A49C961B5BF1C2004B80CE /* Assets.xcassets in Resources */,
				A5BD01E0218F2AEB0010FE10 /* Launch Screen.storyboard in Resources */,
				A545F62922F7398300C62DF7 /* AddStingFooterView.xib in Resources */,
				A581C3981B94769F006CE228 /* Main.storyboard in Resources */,
				A58988FF23A6B98600A85485 /* iPadSmall.png in Resources */,
				A5BD85E923AA531B00846F27 /* Launch Screen.xcassets in Resources */,
				A55C0E7622AA7202008DDB12 /* TransportView.xib in Resources */,
				A58988FD23A6B97C00A85485 /* iPadLarge.png in Resources */,
			);
			runOnlyForDeploymentPostprocessing = 0;
		};
/* End PBXResourcesBuildPhase section */

/* Begin PBXSourcesBuildPhase section */
		A5A49C851B5BF1C2004B80CE /* Sources */ = {
			isa = PBXSourcesBuildPhase;
			buildActionMask = 2147483647;
			files = (
				A5CEE51323215B1800BB7CD1 /* WaveformView.swift in Sources */,
				A55C0E7222AA5498008DDB12 /* Show.swift in Sources */,
				A56EB2C922F7538F00358A7C /* AddStingButton.swift in Sources */,
				A5A49C8F1B5BF1C2004B80CE /* AppDelegate.swift in Sources */,
				A5B39BDE1DAA843A00AA22EF /* FDWaveformView.swift in Sources */,
				A5CEE5152321695100BB7CD1 /* WaveformMarkerView.swift in Sources */,
				A549825B1F7067EC00909196 /* FDWaveformRenderOperation.swift in Sources */,
				A51D98EE22BBCF7D00124A40 /* Color.swift in Sources */,
				A59EC6EA22EB5696009A7ED1 /* TransportView.swift in Sources */,
				A5C5866E25ADBFE00050DC5C /* ManageStingsView.swift in Sources */,
				A581C3A21B94A041006CE228 /* StingCell.swift in Sources */,
				A567FB7022F1F67A00B4DB70 /* ChannelPair.swift in Sources */,
				A5A49CB11B5BF216004B80CE /* Sting.swift in Sources */,
				A5E65EB4231AE0BA0058BBEE /* Metadata.swift in Sources */,
				A5C32F4E228B64FE00E4B4EB /* Extends.swift in Sources */,
				A595169A22F99A21001E820A /* AddStingFooterView.swift in Sources */,
				A5F62D5022E0F56A00D57126 /* ShowBrowserViewController.swift in Sources */,
				A5760DD325AF414600398860 /* FolderAccessView.swift in Sources */,
				A549825A1F7067EC00909196 /* FDAudioContext.swift in Sources */,
				A581C39D1B949A06006CE228 /* EditViewController.swift in Sources */,
				A5FF542824C49C5B00BE7928 /* WelcomeView.swift in Sources */,
				A592124425B6FA2300D864BD /* FolderBookmarks.swift in Sources */,
				A581C39F1B949AD6006CE228 /* PlaybackViewController.swift in Sources */,
				A5BF2D1E24B0F0B600AA69F4 /* ChannelSelectionView.swift in Sources */,
				A581C38D1B946B7C006CE228 /* Engine.swift in Sources */,
				A5C4FA5324B0DF9200C44365 /* SettingsView.swift in Sources */,
			);
			runOnlyForDeploymentPostprocessing = 0;
		};
/* End PBXSourcesBuildPhase section */

/* Begin XCBuildConfiguration section */
		A5A49CA61B5BF1C2004B80CE /* Debug */ = {
			isa = XCBuildConfiguration;
			buildSettings = {
				ALWAYS_SEARCH_USER_PATHS = NO;
				CLANG_CXX_LANGUAGE_STANDARD = "gnu++14";
				CLANG_CXX_LIBRARY = "libc++";
				CLANG_ENABLE_MODULES = YES;
				CLANG_ENABLE_OBJC_ARC = YES;
				CLANG_WARN_BLOCK_CAPTURE_AUTORELEASING = YES;
				CLANG_WARN_BOOL_CONVERSION = YES;
				CLANG_WARN_COMMA = YES;
				CLANG_WARN_CONSTANT_CONVERSION = YES;
				CLANG_WARN_DEPRECATED_OBJC_IMPLEMENTATIONS = YES;
				CLANG_WARN_DIRECT_OBJC_ISA_USAGE = YES_ERROR;
				CLANG_WARN_EMPTY_BODY = YES;
				CLANG_WARN_ENUM_CONVERSION = YES;
				CLANG_WARN_INFINITE_RECURSION = YES;
				CLANG_WARN_INT_CONVERSION = YES;
				CLANG_WARN_NON_LITERAL_NULL_CONVERSION = YES;
				CLANG_WARN_OBJC_IMPLICIT_RETAIN_SELF = YES;
				CLANG_WARN_OBJC_LITERAL_CONVERSION = YES;
				CLANG_WARN_OBJC_ROOT_CLASS = YES_ERROR;
				CLANG_WARN_QUOTED_INCLUDE_IN_FRAMEWORK_HEADER = YES;
				CLANG_WARN_RANGE_LOOP_ANALYSIS = YES;
				CLANG_WARN_STRICT_PROTOTYPES = YES;
				CLANG_WARN_SUSPICIOUS_MOVE = YES;
				CLANG_WARN_UNREACHABLE_CODE = YES;
				CLANG_WARN__DUPLICATE_METHOD_MATCH = YES;
				"CODE_SIGN_IDENTITY[sdk=iphoneos*]" = "iPhone Developer";
				COPY_PHASE_STRIP = NO;
				DEBUG_INFORMATION_FORMAT = "dwarf-with-dsym";
				ENABLE_STRICT_OBJC_MSGSEND = YES;
				ENABLE_TESTABILITY = YES;
				GCC_C_LANGUAGE_STANDARD = gnu11;
				GCC_DYNAMIC_NO_PIC = NO;
				GCC_NO_COMMON_BLOCKS = YES;
				GCC_OPTIMIZATION_LEVEL = 0;
				GCC_PREPROCESSOR_DEFINITIONS = (
					"DEBUG=1",
					"$(inherited)",
				);
				GCC_SYMBOLS_PRIVATE_EXTERN = NO;
				GCC_WARN_64_TO_32_BIT_CONVERSION = YES;
				GCC_WARN_ABOUT_RETURN_TYPE = YES_ERROR;
				GCC_WARN_UNDECLARED_SELECTOR = YES;
				GCC_WARN_UNINITIALIZED_AUTOS = YES_AGGRESSIVE;
				GCC_WARN_UNUSED_FUNCTION = YES;
				GCC_WARN_UNUSED_VARIABLE = YES;
				MTL_ENABLE_DEBUG_INFO = YES;
				ONLY_ACTIVE_ARCH = YES;
				SDKROOT = iphoneos;
				SWIFT_OPTIMIZATION_LEVEL = "-Onone";
			};
			name = Debug;
		};
		A5A49CA71B5BF1C2004B80CE /* Release */ = {
			isa = XCBuildConfiguration;
			buildSettings = {
				ALWAYS_SEARCH_USER_PATHS = NO;
				CLANG_CXX_LANGUAGE_STANDARD = "gnu++14";
				CLANG_CXX_LIBRARY = "libc++";
				CLANG_ENABLE_MODULES = YES;
				CLANG_ENABLE_OBJC_ARC = YES;
				CLANG_WARN_BLOCK_CAPTURE_AUTORELEASING = YES;
				CLANG_WARN_BOOL_CONVERSION = YES;
				CLANG_WARN_COMMA = YES;
				CLANG_WARN_CONSTANT_CONVERSION = YES;
				CLANG_WARN_DEPRECATED_OBJC_IMPLEMENTATIONS = YES;
				CLANG_WARN_DIRECT_OBJC_ISA_USAGE = YES_ERROR;
				CLANG_WARN_EMPTY_BODY = YES;
				CLANG_WARN_ENUM_CONVERSION = YES;
				CLANG_WARN_INFINITE_RECURSION = YES;
				CLANG_WARN_INT_CONVERSION = YES;
				CLANG_WARN_NON_LITERAL_NULL_CONVERSION = YES;
				CLANG_WARN_OBJC_IMPLICIT_RETAIN_SELF = YES;
				CLANG_WARN_OBJC_LITERAL_CONVERSION = YES;
				CLANG_WARN_OBJC_ROOT_CLASS = YES_ERROR;
				CLANG_WARN_QUOTED_INCLUDE_IN_FRAMEWORK_HEADER = YES;
				CLANG_WARN_RANGE_LOOP_ANALYSIS = YES;
				CLANG_WARN_STRICT_PROTOTYPES = YES;
				CLANG_WARN_SUSPICIOUS_MOVE = YES;
				CLANG_WARN_UNREACHABLE_CODE = YES;
				CLANG_WARN__DUPLICATE_METHOD_MATCH = YES;
				"CODE_SIGN_IDENTITY[sdk=iphoneos*]" = "iPhone Developer";
				COPY_PHASE_STRIP = NO;
				DEBUG_INFORMATION_FORMAT = "dwarf-with-dsym";
				ENABLE_NS_ASSERTIONS = NO;
				ENABLE_STRICT_OBJC_MSGSEND = YES;
				GCC_C_LANGUAGE_STANDARD = gnu11;
				GCC_NO_COMMON_BLOCKS = YES;
				GCC_WARN_64_TO_32_BIT_CONVERSION = YES;
				GCC_WARN_ABOUT_RETURN_TYPE = YES_ERROR;
				GCC_WARN_UNDECLARED_SELECTOR = YES;
				GCC_WARN_UNINITIALIZED_AUTOS = YES_AGGRESSIVE;
				GCC_WARN_UNUSED_FUNCTION = YES;
				GCC_WARN_UNUSED_VARIABLE = YES;
				MTL_ENABLE_DEBUG_INFO = NO;
				SDKROOT = iphoneos;
				SWIFT_OPTIMIZATION_LEVEL = "-Owholemodule";
				VALIDATE_PRODUCT = YES;
			};
			name = Release;
		};
		A5A49CA91B5BF1C2004B80CE /* Debug */ = {
			isa = XCBuildConfiguration;
			buildSettings = {
				ASSETCATALOG_COMPILER_APPICON_NAME = AppIcon;
				CLANG_ENABLE_MODULES = YES;
				CODE_SIGN_ENTITLEMENTS = "Resources/Sting Pad.entitlements";
				CURRENT_PROJECT_VERSION = 29;
				DEVELOPMENT_TEAM = NU8A5Y875P;
				INFOPLIST_FILE = Resources/Info.plist;
				IPHONEOS_DEPLOYMENT_TARGET = 14.0;
				LD_RUNPATH_SEARCH_PATHS = "$(inherited) @executable_path/Frameworks";
				MARKETING_VERSION = 3.0.0;
				PRODUCT_BUNDLE_IDENTIFIER = uk.pixlwave.StingPad;
				PRODUCT_MODULE_NAME = StingPad;
				PRODUCT_NAME = "Sting Pad";
				SUPPORTS_MACCATALYST = YES;
				SWIFT_VERSION = 5.0;
				TARGETED_DEVICE_FAMILY = "1,2";
			};
			name = Debug;
		};
		A5A49CAA1B5BF1C2004B80CE /* Release */ = {
			isa = XCBuildConfiguration;
			buildSettings = {
				ASSETCATALOG_COMPILER_APPICON_NAME = AppIcon;
				CLANG_ENABLE_MODULES = YES;
				CODE_SIGN_ENTITLEMENTS = "Resources/Sting Pad.entitlements";
				CURRENT_PROJECT_VERSION = 29;
				DEVELOPMENT_TEAM = NU8A5Y875P;
				INFOPLIST_FILE = Resources/Info.plist;
				IPHONEOS_DEPLOYMENT_TARGET = 14.0;
				LD_RUNPATH_SEARCH_PATHS = "$(inherited) @executable_path/Frameworks";
				MARKETING_VERSION = 3.0.0;
				PRODUCT_BUNDLE_IDENTIFIER = uk.pixlwave.StingPad;
				PRODUCT_MODULE_NAME = StingPad;
				PRODUCT_NAME = "Sting Pad";
				SUPPORTS_MACCATALYST = YES;
				SWIFT_VERSION = 5.0;
				TARGETED_DEVICE_FAMILY = "1,2";
			};
			name = Release;
		};
/* End XCBuildConfiguration section */

/* Begin XCConfigurationList section */
		A5A49C841B5BF1C2004B80CE /* Build configuration list for PBXProject "Sting Pad" */ = {
			isa = XCConfigurationList;
			buildConfigurations = (
				A5A49CA61B5BF1C2004B80CE /* Debug */,
				A5A49CA71B5BF1C2004B80CE /* Release */,
			);
			defaultConfigurationIsVisible = 0;
			defaultConfigurationName = Release;
		};
		A5A49CA81B5BF1C2004B80CE /* Build configuration list for PBXNativeTarget "Sting Pad" */ = {
			isa = XCConfigurationList;
			buildConfigurations = (
				A5A49CA91B5BF1C2004B80CE /* Debug */,
				A5A49CAA1B5BF1C2004B80CE /* Release */,
			);
			defaultConfigurationIsVisible = 0;
			defaultConfigurationName = Release;
		};
/* End XCConfigurationList section */
	};
	rootObject = A5A49C811B5BF1C2004B80CE /* Project object */;
}
