<?xml version="1.0" encoding="UTF-8"?>
<!DOCTYPE plist PUBLIC "-//Apple//DTD PLIST 1.0//EN" "http://www.apple.com/DTDs/PropertyList-1.0.dtd">
<plist version="1.0">
<dict>
	<key>archiveVersion</key>
	<string>1</string>
	<key>classes</key>
	<dict/>
	<key>objectVersion</key>
	<string>46</string>
	<key>objects</key>
	<dict>
		<key>0A9561DFB5FA49748B4FA767</key>
		<dict>
			<key>includeInIndex</key>
			<string>1</string>
			<key>isa</key>
			<string>PBXFileReference</string>
			<key>path</key>
			<string>Icon-76.png</string>
			<key>sourceTree</key>
			<string>&lt;group&gt;</string>
		</dict>
		<key>0BA2BDDD8CF2408FB1F05C15</key>
		<dict>
			<key>fileRef</key>
			<string>D9F63E33D061467BAC58FBF0</string>
			<key>isa</key>
			<string>PBXBuildFile</string>
		</dict>
		<key>0EB22BADF726402EB5BFA89F</key>
		<dict>
			<key>isa</key>
			<string>PBXFileReference</string>
			<key>lastKnownFileType</key>
			<string>wrapper.framework</string>
			<key>name</key>
			<string>CoreGraphics.framework</string>
			<key>path</key>
			<string>Platforms/iPhoneOS.platform/Developer/SDKs/iPhoneOS7.0.sdk/System/Library/Frameworks/CoreGraphics.framework</string>
			<key>sourceTree</key>
			<string>DEVELOPER_DIR</string>
		</dict>
		<key>10612BA8B9AF44A7914EFC8C</key>
		<dict>
			<key>children</key>
			<array>
				<string>A81FD227ECF0410089DD29A9</string>
				<string>3C079C0C0B30480893E93A0F</string>
				<string>0EB22BADF726402EB5BFA89F</string>
				<string>D9F63E33D061467BAC58FBF0</string>
			</array>
			<key>isa</key>
			<string>PBXGroup</string>
			<key>name</key>
			<string>iOS</string>
			<key>sourceTree</key>
			<string>&lt;group&gt;</string>
		</dict>
		<key>10AC904F6CF34E258BF1466E</key>
		<dict>
			<key>includeInIndex</key>
			<string>1</string>
			<key>isa</key>
			<string>PBXFileReference</string>
			<key>path</key>
			<string>stop.png</string>
			<key>sourceTree</key>
			<string>&lt;group&gt;</string>
		</dict>
		<key>11B01208FBF947698435A462</key>
		<dict>
			<key>children</key>
			<array>
				<string>F4F7AEF1A9B0445598EC39D8</string>
			</array>
			<key>isa</key>
			<string>PBXGroup</string>
			<key>name</key>
			<string>Products</string>
			<key>sourceTree</key>
			<string>&lt;group&gt;</string>
		</dict>
		<key>172D03EC6D7F40CB8C85E9A1</key>
		<dict>
			<key>includeInIndex</key>
			<string>1</string>
			<key>isa</key>
			<string>PBXFileReference</string>
			<key>lastKnownFileType</key>
			<string>sourcecode.c.objc</string>
			<key>path</key>
			<string>Stubs.m</string>
			<key>sourceTree</key>
			<string>&lt;group&gt;</string>
		</dict>
		<key>185DFC5DD69D46F68B7623A7</key>
		<dict>
			<key>includeInIndex</key>
			<string>1</string>
			<key>isa</key>
			<string>PBXFileReference</string>
			<key>path</key>
			<string>settings.png</string>
			<key>sourceTree</key>
			<string>&lt;group&gt;</string>
		</dict>
		<key>19A6AF18F2684FEFB667472A</key>
		<dict>
			<key>children</key>
			<array/>
			<key>isa</key>
			<string>PBXGroup</string>
			<key>name</key>
			<string>Pods</string>
			<key>path</key>
			<string>vendor/Pods/Headers</string>
			<key>sourceTree</key>
			<string>&lt;group&gt;</string>
		</dict>
		<key>19E7B353AFBD4D7395DCF454</key>
		<dict>
			<key>includeInIndex</key>
			<string>1</string>
			<key>isa</key>
			<string>PBXFileReference</string>
			<key>path</key>
			<string>Default@2x.png</string>
			<key>sourceTree</key>
			<string>&lt;group&gt;</string>
		</dict>
		<key>1C1C58B3B56043C7966A3DF5</key>
		<dict>
			<key>includeInIndex</key>
			<string>1</string>
			<key>isa</key>
			<string>PBXFileReference</string>
			<key>path</key>
			<string>waveload.png</string>
			<key>sourceTree</key>
			<string>&lt;group&gt;</string>
		</dict>
		<key>1E0EBC03FCAA4E80BA7EDD94</key>
		<dict>
			<key>includeInIndex</key>
			<string>1</string>
			<key>isa</key>
			<string>PBXFileReference</string>
			<key>path</key>
			<string>ipodnext@2x.png</string>
			<key>sourceTree</key>
			<string>&lt;group&gt;</string>
		</dict>
		<key>21A31496546342C0B1811D4E</key>
		<dict>
			<key>includeInIndex</key>
			<string>1</string>
			<key>isa</key>
			<string>PBXFileReference</string>
			<key>path</key>
			<string>Default-568h@2x.png</string>
			<key>sourceTree</key>
			<string>&lt;group&gt;</string>
		</dict>
		<key>22ED4B9CBF4A4FD1B2EAB7B2</key>
		<dict>
			<key>includeInIndex</key>
			<string>1</string>
			<key>isa</key>
			<string>PBXFileReference</string>
			<key>path</key>
			<string>play.png</string>
			<key>sourceTree</key>
			<string>&lt;group&gt;</string>
		</dict>
		<key>25C91006AE4E403C810CFF4C</key>
		<dict>
			<key>includeInIndex</key>
			<string>1</string>
			<key>isa</key>
			<string>PBXFileReference</string>
			<key>path</key>
			<string>ipodpause@2x.png</string>
			<key>sourceTree</key>
			<string>&lt;group&gt;</string>
		</dict>
		<key>26410B26D2954DF9B3E10A87</key>
		<dict>
			<key>includeInIndex</key>
			<string>1</string>
			<key>isa</key>
			<string>PBXFileReference</string>
			<key>path</key>
			<string>waveload@2x.png</string>
			<key>sourceTree</key>
			<string>&lt;group&gt;</string>
		</dict>
		<key>27E1FEBF4E004600ABC84779</key>
		<dict>
			<key>includeInIndex</key>
			<string>1</string>
			<key>isa</key>
			<string>PBXFileReference</string>
			<key>path</key>
			<string>albumartblank.png</string>
			<key>sourceTree</key>
			<string>&lt;group&gt;</string>
		</dict>
		<key>28E65285A59348858CA3DA1B</key>
		<dict>
			<key>includeInIndex</key>
			<string>1</string>
			<key>isa</key>
			<string>PBXFileReference</string>
			<key>path</key>
			<string>Icon-76@2x.png</string>
			<key>sourceTree</key>
			<string>&lt;group&gt;</string>
		</dict>
		<key>3017009DB8FC4265AA494569</key>
		<dict>
			<key>children</key>
			<array>
				<string>11B01208FBF947698435A462</string>
				<string>42A5DD915BCD4B99819BE354</string>
				<string>310B837A573D49F7AB013D8C</string>
				<string>91A0C15C1B99474AB7BC746F</string>
				<string>19A6AF18F2684FEFB667472A</string>
			</array>
			<key>isa</key>
			<string>PBXGroup</string>
			<key>sourceTree</key>
			<string>&lt;group&gt;</string>
		</dict>
		<key>310B837A573D49F7AB013D8C</key>
		<dict>
			<key>children</key>
			<array>
				<string>27E1FEBF4E004600ABC84779</string>
				<string>6961A4D6FF704151AC59E14A</string>
				<string>21A31496546342C0B1811D4E</string>
				<string>531F0CECA9084CFC90A9C7C7</string>
				<string>19E7B353AFBD4D7395DCF454</string>
				<string>998C2765621E4CB59115AEB6</string>
				<string>EEAC06FC8FC643729A75F2B3</string>
				<string>0A9561DFB5FA49748B4FA767</string>
				<string>28E65285A59348858CA3DA1B</string>
				<string>CAD7F573284F41CBB617F467</string>
				<string>9028E912F9D344DF96F12F67</string>
				<string>556BCDD11C03423B95FAB7A8</string>
				<string>1E0EBC03FCAA4E80BA7EDD94</string>
				<string>E114366B2AFC46D0A860DDF7</string>
				<string>25C91006AE4E403C810CFF4C</string>
				<string>60876DC79A1A4CE4B128EFEE</string>
				<string>35221743D12E4FAAB526829E</string>
				<string>F9F414A35AA4449FAAADA585</string>
				<string>7424B15F1E864B2E87E7F6D0</string>
				<string>DA6769EF4AB648DB84405CF5</string>
				<string>EE21280693AE487BBBE0131F</string>
				<string>22ED4B9CBF4A4FD1B2EAB7B2</string>
				<string>D6601483AB3C4BFB95051321</string>
				<string>185DFC5DD69D46F68B7623A7</string>
				<string>C81FF6E4520E4160BA29AB5B</string>
				<string>10AC904F6CF34E258BF1466E</string>
				<string>B57DD9FC7B3A4AFA837258A3</string>
				<string>36AE932E244A487CA9461D4A</string>
				<string>647B2D60492F43D5AF775967</string>
				<string>8F30DFBE0DF64178B0D38667</string>
				<string>DFE0C8E20D0F40269AF4A7FE</string>
				<string>38FC96D46C8D415F86B46FF4</string>
				<string>CC86494775AD4CF98B4C48B8</string>
				<string>3AE153CA5D7E4FFBACCCCEF3</string>
				<string>934A8F72AB6E4FDEA2ABB7E0</string>
				<string>5808C03796784F7198EAC649</string>
				<string>388C9BAC545E4FFEB4924B63</string>
				<string>46F45B90DF9C4DD582D2D1A1</string>
				<string>7866B2A8977E487D99DE4B19</string>
				<string>BD298422B3084F83BE4AAC1E</string>
				<string>4629CA930AAF4E41907DA886</string>
				<string>82032D73FBAD45BB9A5D96FC</string>
				<string>F0C6370F2717424CA32B648B</string>
				<string>ABAB77EA5F324AA58F77BC7D</string>
				<string>5A7EA79F805E456F980479B9</string>
				<string>1C1C58B3B56043C7966A3DF5</string>
				<string>26410B26D2954DF9B3E10A87</string>
				<string>CDFF3AC256384471AE6009C6</string>
			</array>
			<key>isa</key>
			<string>PBXGroup</string>
			<key>name</key>
			<string>Resources</string>
			<key>path</key>
			<string>resources</string>
			<key>sourceTree</key>
			<string>&lt;group&gt;</string>
		</dict>
		<key>35221743D12E4FAAB526829E</key>
		<dict>
			<key>includeInIndex</key>
			<string>1</string>
			<key>isa</key>
			<string>PBXFileReference</string>
			<key>path</key>
			<string>ipodplay@2x.png</string>
			<key>sourceTree</key>
			<string>&lt;group&gt;</string>
		</dict>
		<key>362D37F1EB184E29B1340FBA</key>
		<dict>
			<key>fileRef</key>
			<string>0EB22BADF726402EB5BFA89F</string>
			<key>isa</key>
			<string>PBXBuildFile</string>
		</dict>
		<key>36AE932E244A487CA9461D4A</key>
		<dict>
			<key>includeInIndex</key>
			<string>1</string>
			<key>isa</key>
			<string>PBXFileReference</string>
			<key>name</key>
			<string>EditPlaylist-568h@2x.png</string>
			<key>path</key>
			<string>Walkthrough/EditPlaylist-568h@2x.png</string>
			<key>sourceTree</key>
			<string>&lt;group&gt;</string>
		</dict>
		<key>388C9BAC545E4FFEB4924B63</key>
		<dict>
			<key>includeInIndex</key>
			<string>1</string>
			<key>isa</key>
			<string>PBXFileReference</string>
			<key>name</key>
			<string>StkSettings-568h@2x.png</string>
			<key>path</key>
			<string>Walkthrough/StkSettings-568h@2x.png</string>
			<key>sourceTree</key>
			<string>&lt;group&gt;</string>
		</dict>
		<key>38FC96D46C8D415F86B46FF4</key>
		<dict>
			<key>includeInIndex</key>
			<string>1</string>
			<key>isa</key>
			<string>PBXFileReference</string>
			<key>name</key>
			<string>EditSting.png</string>
			<key>path</key>
			<string>Walkthrough/EditSting.png</string>
			<key>sourceTree</key>
			<string>&lt;group&gt;</string>
		</dict>
		<key>3AE153CA5D7E4FFBACCCCEF3</key>
		<dict>
			<key>includeInIndex</key>
			<string>1</string>
			<key>isa</key>
			<string>PBXFileReference</string>
			<key>name</key>
			<string>StkPlaylist-568h@2x.png</string>
			<key>path</key>
			<string>Walkthrough/StkPlaylist-568h@2x.png</string>
			<key>sourceTree</key>
			<string>&lt;group&gt;</string>
		</dict>
		<key>3C079C0C0B30480893E93A0F</key>
		<dict>
			<key>isa</key>
			<string>PBXFileReference</string>
			<key>lastKnownFileType</key>
			<string>wrapper.framework</string>
			<key>name</key>
			<string>QuartzCore.framework</string>
			<key>path</key>
			<string>Platforms/iPhoneOS.platform/Developer/SDKs/iPhoneOS7.0.sdk/System/Library/Frameworks/QuartzCore.framework</string>
			<key>sourceTree</key>
			<string>DEVELOPER_DIR</string>
		</dict>
		<key>42A5DD915BCD4B99819BE354</key>
		<dict>
			<key>children</key>
			<array>
				<string>10612BA8B9AF44A7914EFC8C</string>
			</array>
			<key>isa</key>
			<string>PBXGroup</string>
			<key>name</key>
			<string>Frameworks</string>
			<key>sourceTree</key>
			<string>&lt;group&gt;</string>
		</dict>
		<key>4629CA930AAF4E41907DA886</key>
		<dict>
			<key>includeInIndex</key>
			<string>1</string>
			<key>isa</key>
			<string>PBXFileReference</string>
			<key>name</key>
			<string>StkSting.png</string>
			<key>path</key>
			<string>Walkthrough/StkSting.png</string>
			<key>sourceTree</key>
			<string>&lt;group&gt;</string>
		</dict>
		<key>46F45B90DF9C4DD582D2D1A1</key>
		<dict>
			<key>includeInIndex</key>
			<string>1</string>
			<key>isa</key>
			<string>PBXFileReference</string>
			<key>name</key>
			<string>StkSettings.png</string>
			<key>path</key>
			<string>Walkthrough/StkSettings.png</string>
			<key>sourceTree</key>
			<string>&lt;group&gt;</string>
		</dict>
		<key>4B749591584644F59A7F9350</key>
		<dict>
			<key>fileRef</key>
			<string>A81FD227ECF0410089DD29A9</string>
			<key>isa</key>
			<string>PBXBuildFile</string>
		</dict>
		<key>531F0CECA9084CFC90A9C7C7</key>
		<dict>
			<key>includeInIndex</key>
			<string>1</string>
			<key>isa</key>
			<string>PBXFileReference</string>
			<key>path</key>
			<string>Default.png</string>
			<key>sourceTree</key>
			<string>&lt;group&gt;</string>
		</dict>
		<key>556BCDD11C03423B95FAB7A8</key>
		<dict>
			<key>includeInIndex</key>
			<string>1</string>
			<key>isa</key>
			<string>PBXFileReference</string>
			<key>path</key>
			<string>ipodnext.png</string>
			<key>sourceTree</key>
			<string>&lt;group&gt;</string>
		</dict>
		<key>5808C03796784F7198EAC649</key>
		<dict>
			<key>includeInIndex</key>
			<string>1</string>
			<key>isa</key>
			<string>PBXFileReference</string>
			<key>name</key>
			<string>StkPlaylist@2x.png</string>
			<key>path</key>
			<string>Walkthrough/StkPlaylist@2x.png</string>
			<key>sourceTree</key>
			<string>&lt;group&gt;</string>
		</dict>
		<key>5A7EA79F805E456F980479B9</key>
		<dict>
			<key>includeInIndex</key>
			<string>1</string>
			<key>isa</key>
			<string>PBXFileReference</string>
			<key>name</key>
			<string>ThankYou@2x.png</string>
			<key>path</key>
			<string>Walkthrough/ThankYou@2x.png</string>
			<key>sourceTree</key>
			<string>&lt;group&gt;</string>
		</dict>
		<key>60876DC79A1A4CE4B128EFEE</key>
		<dict>
			<key>includeInIndex</key>
			<string>1</string>
			<key>isa</key>
			<string>PBXFileReference</string>
			<key>path</key>
			<string>ipodplay.png</string>
			<key>sourceTree</key>
			<string>&lt;group&gt;</string>
		</dict>
		<key>647B2D60492F43D5AF775967</key>
		<dict>
			<key>includeInIndex</key>
			<string>1</string>
			<key>isa</key>
			<string>PBXFileReference</string>
			<key>name</key>
			<string>EditPlaylist.png</string>
			<key>path</key>
			<string>Walkthrough/EditPlaylist.png</string>
			<key>sourceTree</key>
			<string>&lt;group&gt;</string>
		</dict>
		<key>6961A4D6FF704151AC59E14A</key>
		<dict>
			<key>includeInIndex</key>
			<string>1</string>
			<key>isa</key>
			<string>PBXFileReference</string>
			<key>path</key>
			<string>albumartblank@2x.png</string>
			<key>sourceTree</key>
			<string>&lt;group&gt;</string>
		</dict>
		<key>6B3CF5B7C38B437FB7666B8C</key>
		<dict>
			<key>fileRef</key>
			<string>172D03EC6D7F40CB8C85E9A1</string>
			<key>isa</key>
			<string>PBXBuildFile</string>
		</dict>
		<key>6DF5B84077AA409A957F5ECD</key>
		<dict>
			<key>buildActionMask</key>
			<string>2147483647</string>
			<key>files</key>
			<array>
				<string>6B3CF5B7C38B437FB7666B8C</string>
			</array>
			<key>isa</key>
			<string>PBXSourcesBuildPhase</string>
			<key>runOnlyForDeploymentPostprocessing</key>
			<string>0</string>
		</dict>
		<key>6E7981E85111409C86D240D1</key>
		<dict>
			<key>buildSettings</key>
			<dict>
				<key>ALWAYS_SEARCH_USER_PATHS</key>
				<string>NO</string>
				<key>CLANG_CXX_LANGUAGE_STANDARD</key>
				<string>gnu++0x</string>
				<key>CLANG_CXX_LIBRARY</key>
				<string>libc++</string>
				<key>CLANG_ENABLE_MODULES</key>
				<string>YES</string>
				<key>CLANG_ENABLE_OBJC_ARC</key>
				<string>YES</string>
				<key>CLANG_WARN_BOOL_CONVERSION</key>
				<string>YES</string>
				<key>CLANG_WARN_CONSTANT_CONVERSION</key>
				<string>YES</string>
				<key>CLANG_WARN_DIRECT_OBJC_ISA_USAGE</key>
				<string>YES_ERROR</string>
				<key>CLANG_WARN_EMPTY_BODY</key>
				<string>YES</string>
				<key>CLANG_WARN_ENUM_CONVERSION</key>
				<string>YES</string>
				<key>CLANG_WARN_INT_CONVERSION</key>
				<string>YES</string>
				<key>CLANG_WARN_OBJC_ROOT_CLASS</key>
				<string>YES_ERROR</string>
				<key>COPY_PHASE_STRIP</key>
				<string>NO</string>
				<key>ENABLE_NS_ASSERTIONS</key>
				<string>NO</string>
				<key>GCC_C_LANGUAGE_STANDARD</key>
				<string>gnu99</string>
				<key>GCC_WARN_64_TO_32_BIT_CONVERSION</key>
				<string>YES</string>
				<key>GCC_WARN_ABOUT_RETURN_TYPE</key>
				<string>YES_ERROR</string>
				<key>GCC_WARN_UNDECLARED_SELECTOR</key>
				<string>YES</string>
				<key>GCC_WARN_UNINITIALIZED_AUTOS</key>
				<string>YES</string>
				<key>GCC_WARN_UNUSED_FUNCTION</key>
				<string>YES</string>
				<key>GCC_WARN_UNUSED_VARIABLE</key>
				<string>YES</string>
				<key>VALIDATE_PRODUCT</key>
				<string>YES</string>
			</dict>
			<key>isa</key>
			<string>XCBuildConfiguration</string>
			<key>name</key>
			<string>Release</string>
		</dict>
		<key>7424B15F1E864B2E87E7F6D0</key>
		<dict>
			<key>includeInIndex</key>
			<string>1</string>
			<key>isa</key>
			<string>PBXFileReference</string>
			<key>path</key>
			<string>ipodprevious@2x.png</string>
			<key>sourceTree</key>
			<string>&lt;group&gt;</string>
		</dict>
		<key>7866B2A8977E487D99DE4B19</key>
		<dict>
			<key>includeInIndex</key>
			<string>1</string>
			<key>isa</key>
			<string>PBXFileReference</string>
			<key>name</key>
			<string>StkSettings@2x.png</string>
			<key>path</key>
			<string>Walkthrough/StkSettings@2x.png</string>
			<key>sourceTree</key>
			<string>&lt;group&gt;</string>
		</dict>
		<key>78695D89C9274DD4B635417A</key>
		<dict>
			<key>buildSettings</key>
			<dict>
				<key>ALWAYS_SEARCH_USER_PATHS</key>
				<string>NO</string>
				<key>COPY_PHASE_STRIP</key>
				<string>YES</string>
				<key>DSTROOT</key>
				<string>/tmp/xcodeproj.dst</string>
				<key>GCC_C_LANGUAGE_STANDARD</key>
				<string>gnu99</string>
				<key>GCC_PRECOMPILE_PREFIX_HEADER</key>
				<string>YES</string>
				<key>GCC_VERSION</key>
				<string>com.apple.compilers.llvm.clang.1_0</string>
				<key>INSTALL_PATH</key>
				<string>$(BUILT_PRODUCTS_DIR)</string>
				<key>IPHONEOS_DEPLOYMENT_TARGET</key>
				<string>4.3</string>
				<key>OTHER_CFLAGS</key>
				<array>
					<string>-DNS_BLOCK_ASSERTIONS=1</string>
					<string>$(inherited)</string>
				</array>
				<key>OTHER_CPLUSPLUSFLAGS</key>
				<array>
					<string>-DNS_BLOCK_ASSERTIONS=1</string>
					<string>$(inherited)</string>
				</array>
				<key>OTHER_LDFLAGS</key>
				<string></string>
				<key>PRODUCT_NAME</key>
				<string>$(TARGET_NAME)</string>
				<key>PUBLIC_HEADERS_FOLDER_PATH</key>
				<string>$(TARGET_NAME)</string>
				<key>SDKROOT</key>
				<string>iphoneos</string>
				<key>SKIP_INSTALL</key>
				<string>YES</string>
				<key>VALIDATE_PRODUCT</key>
				<string>YES</string>
			</dict>
			<key>isa</key>
			<string>XCBuildConfiguration</string>
			<key>name</key>
			<string>Release</string>
		</dict>
		<key>80168BFFFEDE4AA6A61E5261</key>
		<dict>
			<key>buildConfigurationList</key>
			<string>BDE32E45D1D44536B7517BCB</string>
			<key>buildPhases</key>
			<array>
				<string>6DF5B84077AA409A957F5ECD</string>
				<string>B7C286C7D3CF404BBEF321D7</string>
			</array>
			<key>buildRules</key>
			<array/>
			<key>dependencies</key>
			<array/>
			<key>isa</key>
			<string>PBXNativeTarget</string>
			<key>name</key>
			<string>ib</string>
			<key>productName</key>
			<string>ib</string>
			<key>productReference</key>
			<string>F4F7AEF1A9B0445598EC39D8</string>
			<key>productType</key>
			<string>com.apple.product-type.library.static</string>
		</dict>
		<key>82032D73FBAD45BB9A5D96FC</key>
		<dict>
			<key>includeInIndex</key>
			<string>1</string>
			<key>isa</key>
			<string>PBXFileReference</string>
			<key>name</key>
			<string>StkSting@2x.png</string>
			<key>path</key>
			<string>Walkthrough/StkSting@2x.png</string>
			<key>sourceTree</key>
			<string>&lt;group&gt;</string>
		</dict>
		<key>8F30DFBE0DF64178B0D38667</key>
		<dict>
			<key>includeInIndex</key>
			<string>1</string>
			<key>isa</key>
			<string>PBXFileReference</string>
			<key>name</key>
			<string>EditPlaylist@2x.png</string>
			<key>path</key>
			<string>Walkthrough/EditPlaylist@2x.png</string>
			<key>sourceTree</key>
			<string>&lt;group&gt;</string>
		</dict>
		<key>9028E912F9D344DF96F12F67</key>
		<dict>
			<key>includeInIndex</key>
			<string>1</string>
			<key>isa</key>
			<string>PBXFileReference</string>
			<key>path</key>
			<string>Icon@2x.png</string>
			<key>sourceTree</key>
			<string>&lt;group&gt;</string>
		</dict>
		<key>91A0C15C1B99474AB7BC746F</key>
		<dict>
			<key>children</key>
			<array>
				<string>C7CA1222CF054C04AB6DBE66</string>
				<string>172D03EC6D7F40CB8C85E9A1</string>
			</array>
			<key>isa</key>
			<string>PBXGroup</string>
			<key>name</key>
			<string>Supporting Files</string>
			<key>path</key>
			<string>ib.xcodeproj</string>
			<key>sourceTree</key>
			<string>&lt;group&gt;</string>
		</dict>
		<key>934A8F72AB6E4FDEA2ABB7E0</key>
		<dict>
			<key>includeInIndex</key>
			<string>1</string>
			<key>isa</key>
			<string>PBXFileReference</string>
			<key>name</key>
			<string>StkPlaylist.png</string>
			<key>path</key>
			<string>Walkthrough/StkPlaylist.png</string>
			<key>sourceTree</key>
			<string>&lt;group&gt;</string>
		</dict>
		<key>9468B6D4D5A94CAF82E2FB84</key>
		<dict>
			<key>buildSettings</key>
			<dict>
				<key>ALWAYS_SEARCH_USER_PATHS</key>
				<string>NO</string>
				<key>CLANG_CXX_LANGUAGE_STANDARD</key>
				<string>gnu++0x</string>
				<key>CLANG_CXX_LIBRARY</key>
				<string>libc++</string>
				<key>CLANG_ENABLE_MODULES</key>
				<string>YES</string>
				<key>CLANG_ENABLE_OBJC_ARC</key>
				<string>YES</string>
				<key>CLANG_WARN_BOOL_CONVERSION</key>
				<string>YES</string>
				<key>CLANG_WARN_CONSTANT_CONVERSION</key>
				<string>YES</string>
				<key>CLANG_WARN_DIRECT_OBJC_ISA_USAGE</key>
				<string>YES_ERROR</string>
				<key>CLANG_WARN_EMPTY_BODY</key>
				<string>YES</string>
				<key>CLANG_WARN_ENUM_CONVERSION</key>
				<string>YES</string>
				<key>CLANG_WARN_INT_CONVERSION</key>
				<string>YES</string>
				<key>CLANG_WARN_OBJC_ROOT_CLASS</key>
				<string>YES_ERROR</string>
				<key>COPY_PHASE_STRIP</key>
				<string>YES</string>
				<key>GCC_C_LANGUAGE_STANDARD</key>
				<string>gnu99</string>
				<key>GCC_DYNAMIC_NO_PIC</key>
				<string>NO</string>
				<key>GCC_OPTIMIZATION_LEVEL</key>
				<string>0</string>
				<key>GCC_PREPROCESSOR_DEFINITIONS</key>
				<array>
					<string>DEBUG=1</string>
					<string>$(inherited)</string>
				</array>
				<key>GCC_SYMBOLS_PRIVATE_EXTERN</key>
				<string>NO</string>
				<key>GCC_WARN_64_TO_32_BIT_CONVERSION</key>
				<string>YES</string>
				<key>GCC_WARN_ABOUT_RETURN_TYPE</key>
				<string>YES_ERROR</string>
				<key>GCC_WARN_UNDECLARED_SELECTOR</key>
				<string>YES</string>
				<key>GCC_WARN_UNINITIALIZED_AUTOS</key>
				<string>YES</string>
				<key>GCC_WARN_UNUSED_FUNCTION</key>
				<string>YES</string>
				<key>GCC_WARN_UNUSED_VARIABLE</key>
				<string>YES</string>
				<key>ONLY_ACTIVE_ARCH</key>
				<string>YES</string>
			</dict>
			<key>isa</key>
			<string>XCBuildConfiguration</string>
			<key>name</key>
			<string>Debug</string>
		</dict>
		<key>998C2765621E4CB59115AEB6</key>
		<dict>
			<key>includeInIndex</key>
			<string>1</string>
			<key>isa</key>
			<string>PBXFileReference</string>
			<key>path</key>
			<string>Icon-57.png</string>
			<key>sourceTree</key>
			<string>&lt;group&gt;</string>
		</dict>
		<key>A81FD227ECF0410089DD29A9</key>
		<dict>
			<key>isa</key>
			<string>PBXFileReference</string>
			<key>lastKnownFileType</key>
			<string>wrapper.framework</string>
			<key>name</key>
			<string>Foundation.framework</string>
			<key>path</key>
			<string>Platforms/iPhoneOS.platform/Developer/SDKs/iPhoneOS7.0.sdk/System/Library/Frameworks/Foundation.framework</string>
			<key>sourceTree</key>
			<string>DEVELOPER_DIR</string>
		</dict>
		<key>ABAB77EA5F324AA58F77BC7D</key>
		<dict>
			<key>includeInIndex</key>
			<string>1</string>
			<key>isa</key>
			<string>PBXFileReference</string>
			<key>name</key>
			<string>ThankYou.png</string>
			<key>path</key>
			<string>Walkthrough/ThankYou.png</string>
			<key>sourceTree</key>
			<string>&lt;group&gt;</string>
		</dict>
		<key>B57DD9FC7B3A4AFA837258A3</key>
		<dict>
			<key>includeInIndex</key>
			<string>1</string>
			<key>isa</key>
			<string>PBXFileReference</string>
			<key>path</key>
			<string>stop@2x.png</string>
			<key>sourceTree</key>
			<string>&lt;group&gt;</string>
		</dict>
		<key>B604FD57580E4A088EBEFF67</key>
		<dict>
			<key>buildConfigurations</key>
			<array>
				<string>9468B6D4D5A94CAF82E2FB84</string>
				<string>6E7981E85111409C86D240D1</string>
			</array>
			<key>defaultConfigurationIsVisible</key>
			<string>0</string>
			<key>defaultConfigurationName</key>
			<string>Release</string>
			<key>isa</key>
			<string>XCConfigurationList</string>
		</dict>
		<key>B7C286C7D3CF404BBEF321D7</key>
		<dict>
			<key>buildActionMask</key>
			<string>2147483647</string>
			<key>files</key>
			<array>
				<string>4B749591584644F59A7F9350</string>
				<string>E3EB98E8634B49FD9E024FF4</string>
				<string>362D37F1EB184E29B1340FBA</string>
				<string>0BA2BDDD8CF2408FB1F05C15</string>
			</array>
			<key>isa</key>
			<string>PBXFrameworksBuildPhase</string>
			<key>runOnlyForDeploymentPostprocessing</key>
			<string>0</string>
		</dict>
		<key>BD298422B3084F83BE4AAC1E</key>
		<dict>
			<key>includeInIndex</key>
			<string>1</string>
			<key>isa</key>
			<string>PBXFileReference</string>
			<key>name</key>
			<string>StkSting-568h@2x.png</string>
			<key>path</key>
			<string>Walkthrough/StkSting-568h@2x.png</string>
			<key>sourceTree</key>
			<string>&lt;group&gt;</string>
		</dict>
		<key>BDE32E45D1D44536B7517BCB</key>
		<dict>
			<key>buildConfigurations</key>
			<array>
				<string>78695D89C9274DD4B635417A</string>
				<string>C405C47B409041BFAD18D3DE</string>
			</array>
			<key>defaultConfigurationIsVisible</key>
			<string>0</string>
			<key>defaultConfigurationName</key>
			<string>Release</string>
			<key>isa</key>
			<string>XCConfigurationList</string>
		</dict>
		<key>C405C47B409041BFAD18D3DE</key>
		<dict>
			<key>buildSettings</key>
			<dict>
				<key>ALWAYS_SEARCH_USER_PATHS</key>
				<string>NO</string>
				<key>COPY_PHASE_STRIP</key>
				<string>NO</string>
				<key>DSTROOT</key>
				<string>/tmp/xcodeproj.dst</string>
				<key>GCC_C_LANGUAGE_STANDARD</key>
				<string>gnu99</string>
				<key>GCC_DYNAMIC_NO_PIC</key>
				<string>NO</string>
				<key>GCC_OPTIMIZATION_LEVEL</key>
				<string>0</string>
				<key>GCC_PRECOMPILE_PREFIX_HEADER</key>
				<string>YES</string>
				<key>GCC_PREPROCESSOR_DEFINITIONS</key>
				<array>
					<string>DEBUG=1</string>
					<string>$(inherited)</string>
				</array>
				<key>GCC_SYMBOLS_PRIVATE_EXTERN</key>
				<string>NO</string>
				<key>GCC_VERSION</key>
				<string>com.apple.compilers.llvm.clang.1_0</string>
				<key>INSTALL_PATH</key>
				<string>$(BUILT_PRODUCTS_DIR)</string>
				<key>IPHONEOS_DEPLOYMENT_TARGET</key>
				<string>4.3</string>
				<key>OTHER_LDFLAGS</key>
				<string></string>
				<key>PRODUCT_NAME</key>
				<string>$(TARGET_NAME)</string>
				<key>PUBLIC_HEADERS_FOLDER_PATH</key>
				<string>$(TARGET_NAME)</string>
				<key>SDKROOT</key>
				<string>iphoneos</string>
				<key>SKIP_INSTALL</key>
				<string>YES</string>
			</dict>
			<key>isa</key>
			<string>XCBuildConfiguration</string>
			<key>name</key>
			<string>Debug</string>
		</dict>
		<key>C7CA1222CF054C04AB6DBE66</key>
		<dict>
			<key>includeInIndex</key>
			<string>1</string>
			<key>isa</key>
			<string>PBXFileReference</string>
			<key>lastKnownFileType</key>
			<string>sourcecode.c.h</string>
			<key>path</key>
			<string>Stubs.h</string>
			<key>sourceTree</key>
			<string>&lt;group&gt;</string>
		</dict>
		<key>C81FF6E4520E4160BA29AB5B</key>
		<dict>
			<key>includeInIndex</key>
			<string>1</string>
			<key>isa</key>
			<string>PBXFileReference</string>
			<key>path</key>
			<string>settings@2x.png</string>
			<key>sourceTree</key>
			<string>&lt;group&gt;</string>
		</dict>
		<key>CAD7F573284F41CBB617F467</key>
		<dict>
			<key>includeInIndex</key>
			<string>1</string>
			<key>isa</key>
			<string>PBXFileReference</string>
			<key>path</key>
			<string>Icon.png</string>
			<key>sourceTree</key>
			<string>&lt;group&gt;</string>
		</dict>
		<key>CC86494775AD4CF98B4C48B8</key>
		<dict>
			<key>includeInIndex</key>
			<string>1</string>
			<key>isa</key>
			<string>PBXFileReference</string>
			<key>name</key>
			<string>EditSting@2x.png</string>
			<key>path</key>
			<string>Walkthrough/EditSting@2x.png</string>
			<key>sourceTree</key>
			<string>&lt;group&gt;</string>
		</dict>
		<key>CDFF3AC256384471AE6009C6</key>
		<dict>
			<key>includeInIndex</key>
			<string>1</string>
			<key>isa</key>
			<string>PBXFileReference</string>
			<key>path</key>
			<string>Storyboard.storyboard</string>
			<key>sourceTree</key>
			<string>&lt;group&gt;</string>
		</dict>
		<key>D6601483AB3C4BFB95051321</key>
		<dict>
			<key>includeInIndex</key>
			<string>1</string>
			<key>isa</key>
			<string>PBXFileReference</string>
			<key>path</key>
			<string>play@2x.png</string>
			<key>sourceTree</key>
			<string>&lt;group&gt;</string>
		</dict>
		<key>D9F63E33D061467BAC58FBF0</key>
		<dict>
			<key>isa</key>
			<string>PBXFileReference</string>
			<key>lastKnownFileType</key>
			<string>wrapper.framework</string>
			<key>name</key>
			<string>CoreData.framework</string>
			<key>path</key>
			<string>Platforms/iPhoneOS.platform/Developer/SDKs/iPhoneOS7.0.sdk/System/Library/Frameworks/CoreData.framework</string>
			<key>sourceTree</key>
			<string>DEVELOPER_DIR</string>
		</dict>
		<key>DA6769EF4AB648DB84405CF5</key>
		<dict>
			<key>includeInIndex</key>
			<string>1</string>
			<key>isa</key>
			<string>PBXFileReference</string>
			<key>path</key>
			<string>logo.png</string>
			<key>sourceTree</key>
			<string>&lt;group&gt;</string>
		</dict>
		<key>DFE0C8E20D0F40269AF4A7FE</key>
		<dict>
			<key>includeInIndex</key>
			<string>1</string>
			<key>isa</key>
			<string>PBXFileReference</string>
			<key>name</key>
			<string>EditSting-568h@2x.png</string>
			<key>path</key>
			<string>Walkthrough/EditSting-568h@2x.png</string>
			<key>sourceTree</key>
			<string>&lt;group&gt;</string>
		</dict>
		<key>E114366B2AFC46D0A860DDF7</key>
		<dict>
			<key>includeInIndex</key>
			<string>1</string>
			<key>isa</key>
			<string>PBXFileReference</string>
			<key>path</key>
			<string>ipodpause.png</string>
			<key>sourceTree</key>
			<string>&lt;group&gt;</string>
		</dict>
		<key>E3EB98E8634B49FD9E024FF4</key>
		<dict>
			<key>fileRef</key>
			<string>3C079C0C0B30480893E93A0F</string>
			<key>isa</key>
			<string>PBXBuildFile</string>
		</dict>
		<key>EE21280693AE487BBBE0131F</key>
		<dict>
			<key>includeInIndex</key>
			<string>1</string>
			<key>isa</key>
			<string>PBXFileReference</string>
			<key>path</key>
			<string>logo@2x.png</string>
			<key>sourceTree</key>
			<string>&lt;group&gt;</string>
		</dict>
		<key>EEAC06FC8FC643729A75F2B3</key>
		<dict>
			<key>includeInIndex</key>
			<string>1</string>
			<key>isa</key>
			<string>PBXFileReference</string>
			<key>path</key>
			<string>Icon-57@2x.png</string>
			<key>sourceTree</key>
			<string>&lt;group&gt;</string>
		</dict>
		<key>F0C6370F2717424CA32B648B</key>
		<dict>
			<key>includeInIndex</key>
			<string>1</string>
			<key>isa</key>
			<string>PBXFileReference</string>
			<key>name</key>
			<string>ThankYou-568h@2x.png</string>
			<key>path</key>
			<string>Walkthrough/ThankYou-568h@2x.png</string>
			<key>sourceTree</key>
			<string>&lt;group&gt;</string>
		</dict>
		<key>F4F7AEF1A9B0445598EC39D8</key>
		<dict>
			<key>explicitFileType</key>
			<string>archive.ar</string>
			<key>includeInIndex</key>
			<string>0</string>
			<key>isa</key>
			<string>PBXFileReference</string>
			<key>path</key>
			<string>libib.a</string>
			<key>sourceTree</key>
			<string>BUILT_PRODUCTS_DIR</string>
		</dict>
		<key>F9F414A35AA4449FAAADA585</key>
		<dict>
			<key>includeInIndex</key>
			<string>1</string>
			<key>isa</key>
			<string>PBXFileReference</string>
			<key>path</key>
			<string>ipodprevious.png</string>
			<key>sourceTree</key>
			<string>&lt;group&gt;</string>
		</dict>
		<key>FF3B30DC578E4EB39E12B633</key>
		<dict>
			<key>attributes</key>
			<dict>
				<key>LastUpgradeCheck</key>
				<string>0500</string>
			</dict>
			<key>buildConfigurationList</key>
			<string>B604FD57580E4A088EBEFF67</string>
			<key>compatibilityVersion</key>
			<string>Xcode 3.2</string>
			<key>developmentRegion</key>
			<string>English</string>
			<key>hasScannedForEncodings</key>
			<string>0</string>
			<key>isa</key>
			<string>PBXProject</string>
			<key>knownRegions</key>
			<array>
				<string>en</string>
			</array>
			<key>mainGroup</key>
			<string>3017009DB8FC4265AA494569</string>
			<key>productRefGroup</key>
			<string>11B01208FBF947698435A462</string>
			<key>projectDirPath</key>
			<string></string>
			<key>projectReferences</key>
			<array/>
			<key>projectRoot</key>
			<string></string>
			<key>targets</key>
			<array>
				<string>80168BFFFEDE4AA6A61E5261</string>
			</array>
		</dict>
	</dict>
	<key>rootObject</key>
	<string>FF3B30DC578E4EB39E12B633</string>
</dict>
</plist>
